// !$*UTF8*$!
{
	archiveVersion = 1;
	classes = {
	};
	objectVersion = 46;
	objects = {

/* Begin PBXBuildFile section */
		83D31B581A2E322800F27783 /* AppDelegate.swift in Sources */ = {isa = PBXBuildFile; fileRef = 83D31B571A2E322800F27783 /* AppDelegate.swift */; };
		83D31B5A1A2E322800F27783 /* ViewController.swift in Sources */ = {isa = PBXBuildFile; fileRef = 83D31B591A2E322800F27783 /* ViewController.swift */; };
		83D31B5D1A2E322800F27783 /* Main.storyboard in Resources */ = {isa = PBXBuildFile; fileRef = 83D31B5B1A2E322800F27783 /* Main.storyboard */; };
		83D31B5F1A2E322800F27783 /* Images.xcassets in Resources */ = {isa = PBXBuildFile; fileRef = 83D31B5E1A2E322800F27783 /* Images.xcassets */; };
		83D31B621A2E322800F27783 /* LaunchScreen.xib in Resources */ = {isa = PBXBuildFile; fileRef = 83D31B601A2E322800F27783 /* LaunchScreen.xib */; };
		83D31B6E1A2E322800F27783 /* PostcardTests.swift in Sources */ = {isa = PBXBuildFile; fileRef = 83D31B6D1A2E322800F27783 /* PostcardTests.swift */; };
		83D31B781A2E395400F27783 /* SagradaFamilia.jpeg in Resources */ = {isa = PBXBuildFile; fileRef = 83D31B771A2E395400F27783 /* SagradaFamilia.jpeg */; };
/* End PBXBuildFile section */

/* Begin PBXContainerItemProxy section */
		83D31B681A2E322800F27783 /* PBXContainerItemProxy */ = {
			isa = PBXContainerItemProxy;
			containerPortal = 83D31B4A1A2E322800F27783 /* Project object */;
			proxyType = 1;
			remoteGlobalIDString = 83D31B511A2E322800F27783;
			remoteInfo = Postcard;
		};
/* End PBXContainerItemProxy section */

/* Begin PBXFileReference section */
		83D31B521A2E322800F27783 /* Postcard.app */ = {isa = PBXFileReference; explicitFileType = wrapper.application; includeInIndex = 0; path = Postcard.app; sourceTree = BUILT_PRODUCTS_DIR; };
		83D31B561A2E322800F27783 /* Info.plist */ = {isa = PBXFileReference; lastKnownFileType = text.plist.xml; path = Info.plist; sourceTree = "<group>"; };
		83D31B571A2E322800F27783 /* AppDelegate.swift */ = {isa = PBXFileReference; lastKnownFileType = sourcecode.swift; path = AppDelegate.swift; sourceTree = "<group>"; };
		83D31B591A2E322800F27783 /* ViewController.swift */ = {isa = PBXFileReference; lastKnownFileType = sourcecode.swift; path = ViewController.swift; sourceTree = "<group>"; };
		83D31B5C1A2E322800F27783 /* Base */ = {isa = PBXFileReference; lastKnownFileType = file.storyboard; name = Base; path = Base.lproj/Main.storyboard; sourceTree = "<group>"; };
		83D31B5E1A2E322800F27783 /* Images.xcassets */ = {isa = PBXFileReference; lastKnownFileType = folder.assetcatalog; path = Images.xcassets; sourceTree = "<group>"; };
		83D31B611A2E322800F27783 /* Base */ = {isa = PBXFileReference; lastKnownFileType = file.xib; name = Base; path = Base.lproj/LaunchScreen.xib; sourceTree = "<group>"; };
		83D31B671A2E322800F27783 /* PostcardTests.xctest */ = {isa = PBXFileReference; explicitFileType = wrapper.cfbundle; includeInIndex = 0; path = PostcardTests.xctest; sourceTree = BUILT_PRODUCTS_DIR; };
		83D31B6C1A2E322800F27783 /* Info.plist */ = {isa = PBXFileReference; lastKnownFileType = text.plist.xml; path = Info.plist; sourceTree = "<group>"; };
		83D31B6D1A2E322800F27783 /* PostcardTests.swift */ = {isa = PBXFileReference; lastKnownFileType = sourcecode.swift; path = PostcardTests.swift; sourceTree = "<group>"; };
		83D31B771A2E395400F27783 /* SagradaFamilia.jpeg */ = {isa = PBXFileReference; lastKnownFileType = image.jpeg; path = SagradaFamilia.jpeg; sourceTree = "<group>"; };
/* End PBXFileReference section */

/* Begin PBXFrameworksBuildPhase section */
		83D31B4F1A2E322800F27783 /* Frameworks */ = {
			isa = PBXFrameworksBuildPhase;
			buildActionMask = 2147483647;
			files = (
			);
			runOnlyForDeploymentPostprocessing = 0;
		};
		83D31B641A2E322800F27783 /* Frameworks */ = {
			isa = PBXFrameworksBuildPhase;
			buildActionMask = 2147483647;
			files = (
			);
			runOnlyForDeploymentPostprocessing = 0;
		};
/* End PBXFrameworksBuildPhase section */

/* Begin PBXGroup section */
		83D31B491A2E322800F27783 = {
			isa = PBXGroup;
			children = (
				83D31B541A2E322800F27783 /* Postcard */,
				83D31B6A1A2E322800F27783 /* PostcardTests */,
				83D31B531A2E322800F27783 /* Products */,
			);
			sourceTree = "<group>";
		};
		83D31B531A2E322800F27783 /* Products */ = {
			isa = PBXGroup;
			children = (
				83D31B521A2E322800F27783 /* Postcard.app */,
				83D31B671A2E322800F27783 /* PostcardTests.xctest */,
			);
			name = Products;
			sourceTree = "<group>";
		};
		83D31B541A2E322800F27783 /* Postcard */ = {
			isa = PBXGroup;
			children = (
				83D31B571A2E322800F27783 /* AppDelegate.swift */,
				83D31B591A2E322800F27783 /* ViewController.swift */,
				83D31B5B1A2E322800F27783 /* Main.storyboard */,
				83D31B5E1A2E322800F27783 /* Images.xcassets */,
				83D31B601A2E322800F27783 /* LaunchScreen.xib */,
				83D31B551A2E322800F27783 /* Supporting Files */,
			);
			path = Postcard;
			sourceTree = "<group>";
		};
		83D31B551A2E322800F27783 /* Supporting Files */ = {
			isa = PBXGroup;
			children = (
				83D31B771A2E395400F27783 /* SagradaFamilia.jpeg */,
				83D31B561A2E322800F27783 /* Info.plist */,
			);
			name = "Supporting Files";
			sourceTree = "<group>";
		};
		83D31B6A1A2E322800F27783 /* PostcardTests */ = {
			isa = PBXGroup;
			children = (
				83D31B6D1A2E322800F27783 /* PostcardTests.swift */,
				83D31B6B1A2E322800F27783 /* Supporting Files */,
			);
			path = PostcardTests;
			sourceTree = "<group>";
		};
		83D31B6B1A2E322800F27783 /* Supporting Files */ = {
			isa = PBXGroup;
			children = (
				83D31B6C1A2E322800F27783 /* Info.plist */,
			);
			name = "Supporting Files";
			sourceTree = "<group>";
		};
/* End PBXGroup section */

/* Begin PBXNativeTarget section */
		83D31B511A2E322800F27783 /* Postcard */ = {
			isa = PBXNativeTarget;
			buildConfigurationList = 83D31B711A2E322800F27783 /* Build configuration list for PBXNativeTarget "Postcard" */;
			buildPhases = (
				83D31B4E1A2E322800F27783 /* Sources */,
				83D31B4F1A2E322800F27783 /* Frameworks */,
				83D31B501A2E322800F27783 /* Resources */,
			);
			buildRules = (
			);
			dependencies = (
			);
			name = Postcard;
			productName = Postcard;
			productReference = 83D31B521A2E322800F27783 /* Postcard.app */;
			productType = "com.apple.product-type.application";
		};
		83D31B661A2E322800F27783 /* PostcardTests */ = {
			isa = PBXNativeTarget;
			buildConfigurationList = 83D31B741A2E322800F27783 /* Build configuration list for PBXNativeTarget "PostcardTests" */;
			buildPhases = (
				83D31B631A2E322800F27783 /* Sources */,
				83D31B641A2E322800F27783 /* Frameworks */,
				83D31B651A2E322800F27783 /* Resources */,
			);
			buildRules = (
			);
			dependencies = (
				83D31B691A2E322800F27783 /* PBXTargetDependency */,
			);
			name = PostcardTests;
			productName = PostcardTests;
			productReference = 83D31B671A2E322800F27783 /* PostcardTests.xctest */;
			productType = "com.apple.product-type.bundle.unit-test";
		};
/* End PBXNativeTarget section */

/* Begin PBXProject section */
		83D31B4A1A2E322800F27783 /* Project object */ = {
			isa = PBXProject;
			attributes = {
				LastUpgradeCheck = 0610;
				ORGANIZATIONNAME = "Krzysztof Kula";
				TargetAttributes = {
					83D31B511A2E322800F27783 = {
						CreatedOnToolsVersion = 6.1;
					};
					83D31B661A2E322800F27783 = {
						CreatedOnToolsVersion = 6.1;
						TestTargetID = 83D31B511A2E322800F27783;
					};
				};
			};
			buildConfigurationList = 83D31B4D1A2E322800F27783 /* Build configuration list for PBXProject "Postcard" */;
			compatibilityVersion = "Xcode 3.2";
			developmentRegion = English;
			hasScannedForEncodings = 0;
			knownRegions = (
				en,
				Base,
			);
			mainGroup = 83D31B491A2E322800F27783;
			productRefGroup = 83D31B531A2E322800F27783 /* Products */;
			projectDirPath = "";
			projectRoot = "";
			targets = (
				83D31B511A2E322800F27783 /* Postcard */,
				83D31B661A2E322800F27783 /* PostcardTests */,
			);
		};
/* End PBXProject section */

/* Begin PBXResourcesBuildPhase section */
		83D31B501A2E322800F27783 /* Resources */ = {
			isa = PBXResourcesBuildPhase;
			buildActionMask = 2147483647;
			files = (
				83D31B5D1A2E322800F27783 /* Main.storyboard in Resources */,
				83D31B781A2E395400F27783 /* SagradaFamilia.jpeg in Resources */,
				83D31B621A2E322800F27783 /* LaunchScreen.xib in Resources */,
				83D31B5F1A2E322800F27783 /* Images.xcassets in Resources */,
			);
			runOnlyForDeploymentPostprocessing = 0;
		};
		83D31B651A2E322800F27783 /* Resources */ = {
			isa = PBXResourcesBuildPhase;
			buildActionMask = 2147483647;
			files = (
			);
			runOnlyForDeploymentPostprocessing = 0;
		};
/* End PBXResourcesBuildPhase section */

/* Begin PBXSourcesBuildPhase section */
		83D31B4E1A2E322800F27783 /* Sources */ = {
			isa = PBXSourcesBuildPhase;
			buildActionMask = 2147483647;
			files = (
				83D31B5A1A2E322800F27783 /* ViewController.swift in Sources */,
				83D31B581A2E322800F27783 /* AppDelegate.swift in Sources */,
			);
			runOnlyForDeploymentPostprocessing = 0;
		};
		83D31B631A2E322800F27783 /* Sources */ = {
			isa = PBXSourcesBuildPhase;
			buildActionMask = 2147483647;
			files = (
				83D31B6E1A2E322800F27783 /* PostcardTests.swift in Sources */,
			);
			runOnlyForDeploymentPostprocessing = 0;
		};
/* End PBXSourcesBuildPhase section */

/* Begin PBXTargetDependency section */
		83D31B691A2E322800F27783 /* PBXTargetDependency */ = {
			isa = PBXTargetDependency;
			target = 83D31B511A2E322800F27783 /* Postcard */;
			targetProxy = 83D31B681A2E322800F27783 /* PBXContainerItemProxy */;
		};
/* End PBXTargetDependency section */

/* Begin PBXVariantGroup section */
		83D31B5B1A2E322800F27783 /* Main.storyboard */ = {
			isa = PBXVariantGroup;
			children = (
				83D31B5C1A2E322800F27783 /* Base */,
			);
			name = Main.storyboard;
			sourceTree = "<group>";
		};
		83D31B601A2E322800F27783 /* LaunchScreen.xib */ = {
			isa = PBXVariantGroup;
			children = (
				83D31B611A2E322800F27783 /* Base */,
			);
			name = LaunchScreen.xib;
			sourceTree = "<group>";
		};
/* End PBXVariantGroup section */

/* Begin XCBuildConfiguration section */
		83D31B6F1A2E322800F27783 /* Debug */ = {
			isa = XCBuildConfiguration;
			buildSettings = {
				ALWAYS_SEARCH_USER_PATHS = NO;
				CLANG_CXX_LANGUAGE_STANDARD = "gnu++0x";
				CLANG_CXX_LIBRARY = "libc++";
				CLANG_ENABLE_MODULES = YES;
				CLANG_ENABLE_OBJC_ARC = YES;
				CLANG_WARN_BOOL_CONVERSION = YES;
				CLANG_WARN_CONSTANT_CONVERSION = YES;
				CLANG_WARN_DIRECT_OBJC_ISA_USAGE = YES_ERROR;
				CLANG_WARN_EMPTY_BODY = YES;
				CLANG_WARN_ENUM_CONVERSION = YES;
				CLANG_WARN_INT_CONVERSION = YES;
				CLANG_WARN_OBJC_ROOT_CLASS = YES_ERROR;
				CLANG_WARN_UNREACHABLE_CODE = YES;
				CLANG_WARN__DUPLICATE_METHOD_MATCH = YES;
				"CODE_SIGN_IDENTITY[sdk=iphoneos*]" = "iPhone Developer";
				COPY_PHASE_STRIP = NO;
				ENABLE_STRICT_OBJC_MSGSEND = YES;
				GCC_C_LANGUAGE_STANDARD = gnu99;
				GCC_DYNAMIC_NO_PIC = NO;
				GCC_OPTIMIZATION_LEVEL = 0;
				GCC_PREPROCESSOR_DEFINITIONS = (
					"DEBUG=1",
					"$(inherited)",
				);
				GCC_SYMBOLS_PRIVATE_EXTERN = NO;
				GCC_WARN_64_TO_32_BIT_CONVERSION = YES;
				GCC_WARN_ABOUT_RETURN_TYPE = YES_ERROR;
				GCC_WARN_UNDECLARED_SELECTOR = YES;
				GCC_WARN_UNINITIALIZED_AUTOS = YES_AGGRESSIVE;
				GCC_WARN_UNUSED_FUNCTION = YES;
				GCC_WARN_UNUSED_VARIABLE = YES;
				IPHONEOS_DEPLOYMENT_TARGET = 8.1;
				MTL_ENABLE_DEBUG_INFO = YES;
				ONLY_ACTIVE_ARCH = YES;
				SDKROOT = iphoneos;
				SWIFT_OPTIMIZATION_LEVEL = "-Onone";
				TARGETED_DEVICE_FAMILY = "1,2";
			};
			name = Debug;
		};
		83D31B701A2E322800F27783 /* Release */ = {
			isa = XCBuildConfiguration;
			buildSettings = {
				ALWAYS_SEARCH_USER_PATHS = NO;
				CLANG_CXX_LANGUAGE_STANDARD = "gnu++0x";
				CLANG_CXX_LIBRARY = "libc++";
				CLANG_ENABLE_MODULES = YES;
				CLANG_ENABLE_OBJC_ARC = YES;
				CLANG_WARN_BOOL_CONVERSION = YES;
				CLANG_WARN_CONSTANT_CONVERSION = YES;
				CLANG_WARN_DIRECT_OBJC_ISA_USAGE = YES_ERROR;
				CLANG_WARN_EMPTY_BODY = YES;
				CLANG_WARN_ENUM_CONVERSION = YES;
				CLANG_WARN_INT_CONVERSION = YES;
				CLANG_WARN_OBJC_ROOT_CLASS = YES_ERROR;
				CLANG_WARN_UNREACHABLE_CODE = YES;
				CLANG_WARN__DUPLICATE_METHOD_MATCH = YES;
				"CODE_SIGN_IDENTITY[sdk=iphoneos*]" = "iPhone Developer";
				COPY_PHASE_STRIP = YES;
				ENABLE_NS_ASSERTIONS = NO;
				ENABLE_STRICT_OBJC_MSGSEND = YES;
				GCC_C_LANGUAGE_STANDARD = gnu99;
				GCC_WARN_64_TO_32_BIT_CONVERSION = YES;
				GCC_WARN_ABOUT_RETURN_TYPE = YES_ERROR;
				GCC_WARN_UNDECLARED_SELECTOR = YES;
				GCC_WARN_UNINITIALIZED_AUTOS = YES_AGGRESSIVE;
				GCC_WARN_UNUSED_FUNCTION = YES;
				GCC_WARN_UNUSED_VARIABLE = YES;
				IPHONEOS_DEPLOYMENT_TARGET = 8.1;
				MTL_ENABLE_DEBUG_INFO = NO;
				SDKROOT = iphoneos;
				TARGETED_DEVICE_FAMILY = "1,2";
				VALIDATE_PRODUCT = YES;
			};
			name = Release;
		};
		83D31B721A2E322800F27783 /* Debug */ = {
			isa = XCBuildConfiguration;
			buildSettings = {
				ASSETCATALOG_COMPILER_APPICON_NAME = AppIcon;
				INFOPLIST_FILE = Postcard/Info.plist;
				LD_RUNPATH_SEARCH_PATHS = "$(inherited) @executable_path/Frameworks";
				PRODUCT_NAME = "$(TARGET_NAME)";
			};
			name = Debug;
		};
		83D31B731A2E322800F27783 /* Release */ = {
			isa = XCBuildConfiguration;
			buildSettings = {
				ASSETCATALOG_COMPILER_APPICON_NAME = AppIcon;
				INFOPLIST_FILE = Postcard/Info.plist;
				LD_RUNPATH_SEARCH_PATHS = "$(inherited) @executable_path/Frameworks";
				PRODUCT_NAME = "$(TARGET_NAME)";
			};
			name = Release;
		};
		83D31B751A2E322800F27783 /* Debug */ = {
			isa = XCBuildConfiguration;
			buildSettings = {
				BUNDLE_LOADER = "$(TEST_HOST)";
				FRAMEWORK_SEARCH_PATHS = (
					"$(SDKROOT)/Developer/Library/Frameworks",
					"$(inherited)",
				);
				GCC_PREPROCESSOR_DEFINITIONS = (
					"DEBUG=1",
					"$(inherited)",
				);
				INFOPLIST_FILE = PostcardTests/Info.plist;
				LD_RUNPATH_SEARCH_PATHS = "$(inherited) @executable_path/Frameworks @loader_path/Frameworks";
				PRODUCT_NAME = "$(TARGET_NAME)";
				TEST_HOST = "$(BUILT_PRODUCTS_DIR)/Postcard.app/Postcard";
			};
			name = Debug;
		};
		83D31B761A2E322800F27783 /* Release */ = {
			isa = XCBuildConfiguration;
			buildSettings = {
				BUNDLE_LOADER = "$(TEST_HOST)";
				FRAMEWORK_SEARCH_PATHS = (
					"$(SDKROOT)/Developer/Library/Frameworks",
					"$(inherited)",
				);
				INFOPLIST_FILE = PostcardTests/Info.plist;
				LD_RUNPATH_SEARCH_PATHS = "$(inherited) @executable_path/Frameworks @loader_path/Frameworks";
				PRODUCT_NAME = "$(TARGET_NAME)";
				TEST_HOST = "$(BUILT_PRODUCTS_DIR)/Postcard.app/Postcard";
			};
			name = Release;
		};
/* End XCBuildConfiguration section */

/* Begin XCConfigurationList section */
		83D31B4D1A2E322800F27783 /* Build configuration list for PBXProject "Postcard" */ = {
			isa = XCConfigurationList;
			buildConfigurations = (
				83D31B6F1A2E322800F27783 /* Debug */,
				83D31B701A2E322800F27783 /* Release */,
			);
			defaultConfigurationIsVisible = 0;
			defaultConfigurationName = Release;
		};
		83D31B711A2E322800F27783 /* Build configuration list for PBXNativeTarget "Postcard" */ = {
			isa = XCConfigurationList;
			buildConfigurations = (
				83D31B721A2E322800F27783 /* Debug */,
				83D31B731A2E322800F27783 /* Release */,
			);
			defaultConfigurationIsVisible = 0;
		};
		83D31B741A2E322800F27783 /* Build configuration list for PBXNativeTarget "PostcardTests" */ = {
			isa = XCConfigurationList;
			buildConfigurations = (
				83D31B751A2E322800F27783 /* Debug */,
				83D31B761A2E322800F27783 /* Release */,
			);
			defaultConfigurationIsVisible = 0;
		};
/* End XCConfigurationList section */
	};
	rootObject = 83D31B4A1A2E322800F27783 /* Project object */;
}
